# THIS IS AN AUTOGENERATED FILE. DO NOT EDIT THIS FILE DIRECTLY.
assets/styles.scss.liquid:
  development: 2017-08-28T21:48:30-04:00   7ea1482cb4ff5a15b36d494c0789849a
assets/webfonts.css:
  development: 2017-08-28T21:21:38-04:00   7bcf91f15a2bc3b56582a93813b44e00
layout/theme.liquid:
  development: 2017-08-28T21:43:53-04:00   c8fed33132af7285b9fbf82daf382ce7
